
Microsoft Visual Studio Solution File, Format Version 12.00
# Visual Studio Version 17
VisualStudioVersion = 17.0.31903.59
MinimumVisualStudioVersion = 10.0.40219.1
Project("{9A19103F-16F7-4668-BE54-9A1E7A4F7556}") = "HK.Lawand.Learnings.Entities", "HK.Lawand.Learnings.Entities\HK.Lawand.Learnings.Entities.csproj", "{E6C44AEE-3ED5-4B70-BB12-7BEF8F44F56D}"
EndProject
Project("{9A19103F-16F7-4668-BE54-9A1E7A4F7556}") = "HK.Lawand.Learnings.DataService", "HK.Lawand.Learnings.DataService\HK.Lawand.Learnings.DataService.csproj", "{B76F0508-FDBE-4066-9ECD-20656606A2DB}"
EndProject
Project("{FAE04EC0-301F-11D3-BF4B-00C04F79EFBC}") = "HK.Lawand.Learnings.API", "HK.Lawand.Learnings.API\HK.Lawand.Learnings.API.csproj", "{4343DDE1-3E75-428D-93C2-32BB89064DE8}"
EndProject
Global
	GlobalSection(SolutionConfigurationPlatforms) = preSolution
		Debug|Any CPU = Debug|Any CPU
		Release|Any CPU = Release|Any CPU
	EndGlobalSection
	GlobalSection(ProjectConfigurationPlatforms) = postSolution
		{E6C44AEE-3ED5-4B70-BB12-7BEF8F44F56D}.Debug|Any CPU.ActiveCfg = Debug|Any CPU
		{E6C44AEE-3ED5-4B70-BB12-7BEF8F44F56D}.Debug|Any CPU.Build.0 = Debug|Any CPU
		{E6C44AEE-3ED5-4B70-BB12-7BEF8F44F56D}.Release|Any CPU.ActiveCfg = Release|Any CPU
		{E6C44AEE-3ED5-4B70-BB12-7BEF8F44F56D}.Release|Any CPU.Build.0 = Release|Any CPU
		{B76F0508-FDBE-4066-9ECD-20656606A2DB}.Debug|Any CPU.ActiveCfg = Debug|Any CPU
		{B76F0508-FDBE-4066-9ECD-20656606A2DB}.Debug|Any CPU.Build.0 = Debug|Any CPU
		{B76F0508-FDBE-4066-9ECD-20656606A2DB}.Release|Any CPU.ActiveCfg = Release|Any CPU
		{B76F0508-FDBE-4066-9ECD-20656606A2DB}.Release|Any CPU.Build.0 = Release|Any CPU
		{4343DDE1-3E75-428D-93C2-32BB89064DE8}.Debug|Any CPU.ActiveCfg = Debug|Any CPU
		{4343DDE1-3E75-428D-93C2-32BB89064DE8}.Debug|Any CPU.Build.0 = Debug|Any CPU
		{4343DDE1-3E75-428D-93C2-32BB89064DE8}.Release|Any CPU.ActiveCfg = Release|Any CPU
		{4343DDE1-3E75-428D-93C2-32BB89064DE8}.Release|Any CPU.Build.0 = Release|Any CPU
	EndGlobalSection
	GlobalSection(SolutionProperties) = preSolution
		HideSolutionNode = FALSE
	EndGlobalSection
	GlobalSection(ExtensibilityGlobals) = postSolution
		SolutionGuid = {54B157BF-A0CE-4E79-B185-D6B5499B156E}
	EndGlobalSection
EndGlobal
